# THIS IS AN AUTOGENERATED FILE. DO NOT EDIT THIS FILE DIRECTLY.
# yarn lockfile v1


entities@^2.0.3:
  version "2.0.3"
  resolved "https://registry.yarnpkg.com/entities/-/entities-2.0.3.tgz#5c487e5742ab93c15abb5da22759b8590ec03b7f"
  integrity sha512-MyoZ0jgnLvB2X3Lg5HqpFmn1kybDiIfEQmKzTb5apr51Rb+T3KdmMiqa70T+bhGnyv7bQ6WMj2QMHpGMmlrUYQ==

gsap@^3.3.0:
  version "3.4.2"
  resolved "https://registry.yarnpkg.com/gsap/-/gsap-3.4.2.tgz#2cd85c5792050642f89d5d4e2775d690d7131a37"
  integrity sha512-2DMG5x9IeQ7csnVaGxmhN4v06sJ4MklqYETMBjfmPQoPel4O4yTvpnINKLDYz7D22xNRwwyd1YWWxpkKgYkuiw==

rss-parser@^3.9.0:
  version "3.9.0"
  resolved "https://registry.yarnpkg.com/rss-parser/-/rss-parser-3.9.0.tgz#469a1201619d155e902b073c4f495c589943085a"
  integrity sha512-wlRSfGrotOXuWo19Dtl2KmQt7o9i5zzCExUrxpechE0O54BAx7JD+xhWyGumPPqiJj771ndflV3sE3bTHen0HQ==
  dependencies:
    entities "^2.0.3"
    xml2js "^0.4.19"

sax@>=0.6.0:
  version "1.2.4"
  resolved "https://registry.yarnpkg.com/sax/-/sax-1.2.4.tgz#2816234e2378bddc4e5354fab5caa895df7100d9"
  integrity sha512-NqVDv9TpANUjFm0N8uM5GxL36UgKi9/atZw+x7YFnQ8ckwFGKrl4xX4yWtrey3UJm5nP1kUbnYgLopqWNSRhWw==

xml2js@^0.4.19:
  version "0.4.23"
  resolved "https://registry.yarnpkg.com/xml2js/-/xml2js-0.4.23.tgz#a0c69516752421eb2ac758ee4d4ccf58843eac66"
  integrity sha512-ySPiMjM0+pLDftHgXY4By0uswI3SPKLDw/i3UXbnO8M/p28zqexCUoPmQFrYD+/1BzhGJSs2i1ERWKJAtiLrug==
  dependencies:
    sax ">=0.6.0"
    xmlbuilder "~11.0.0"

xmlbuilder@~11.0.0:
  version "11.0.1"
  resolved "https://registry.yarnpkg.com/xmlbuilder/-/xmlbuilder-11.0.1.tgz#be9bae1c8a046e76b31127726347d0ad7002beb3"
  integrity sha512-fDlsI/kFEx7gLvbecc0/ohLG50fugQp8ryHzMTuW9vSa1GJ0XYWKnhsUx7oie3G98+r56aTQIUB4kht42R3JvA==
